
Microsoft Visual Studio Solution File, Format Version 12.00
# Visual Studio Version 17
VisualStudioVersion = 17.4.33110.190
MinimumVisualStudioVersion = 10.0.40219.1
Project("{FAE04EC0-301F-11D3-BF4B-00C04F79EFBC}") = "AplicaçãoEmMVCcore", "AplicaçãoEmMVCcore\AplicaçãoEmMVCcore.csproj", "{BC409291-2F28-4928-A4B0-12995E56B547}"
EndProject
Global
	GlobalSection(SolutionConfigurationPlatforms) = preSolution
		Debug|Any CPU = Debug|Any CPU
		Release|Any CPU = Release|Any CPU
	EndGlobalSection
	GlobalSection(ProjectConfigurationPlatforms) = postSolution
		{BC409291-2F28-4928-A4B0-12995E56B547}.Debug|Any CPU.ActiveCfg = Debug|Any CPU
		{BC409291-2F28-4928-A4B0-12995E56B547}.Debug|Any CPU.Build.0 = Debug|Any CPU
		{BC409291-2F28-4928-A4B0-12995E56B547}.Release|Any CPU.ActiveCfg = Release|Any CPU
		{BC409291-2F28-4928-A4B0-12995E56B547}.Release|Any CPU.Build.0 = Release|Any CPU
	EndGlobalSection
	GlobalSection(SolutionProperties) = preSolution
		HideSolutionNode = FALSE
	EndGlobalSection
	GlobalSection(ExtensibilityGlobals) = postSolution
		SolutionGuid = {7F9F642C-222E-4F80-8046-98EEA1DF7375}
	EndGlobalSection
EndGlobal
